
Microsoft Visual Studio Solution File, Format Version 12.00
# Visual Studio Version 17
VisualStudioVersion = 17.9.34607.119
MinimumVisualStudioVersion = 10.0.40219.1
Project("{FAE04EC0-301F-11D3-BF4B-00C04F79EFBC}") = "Exercicio5", "Exercicio5\Exercicio5.csproj", "{30F9BDBC-98E6-4CAF-99DB-C19AE58535FF}"
EndProject
Global
	GlobalSection(SolutionConfigurationPlatforms) = preSolution
		Debug|Any CPU = Debug|Any CPU
		Release|Any CPU = Release|Any CPU
	EndGlobalSection
	GlobalSection(ProjectConfigurationPlatforms) = postSolution
		{30F9BDBC-98E6-4CAF-99DB-C19AE58535FF}.Debug|Any CPU.ActiveCfg = Debug|Any CPU
		{30F9BDBC-98E6-4CAF-99DB-C19AE58535FF}.Debug|Any CPU.Build.0 = Debug|Any CPU
		{30F9BDBC-98E6-4CAF-99DB-C19AE58535FF}.Release|Any CPU.ActiveCfg = Release|Any CPU
		{30F9BDBC-98E6-4CAF-99DB-C19AE58535FF}.Release|Any CPU.Build.0 = Release|Any CPU
	EndGlobalSection
	GlobalSection(SolutionProperties) = preSolution
		HideSolutionNode = FALSE
	EndGlobalSection
	GlobalSection(ExtensibilityGlobals) = postSolution
		SolutionGuid = {06892864-9508-4DE5-BFAB-EF2D9EBBD6C1}
	EndGlobalSection
EndGlobal
